
Microsoft Visual Studio Solution File, Format Version 12.00
# Visual Studio 15
VisualStudioVersion = 15.0.27130.2024
MinimumVisualStudioVersion = 10.0.40219.1
Project("{FAE04EC0-301F-11D3-BF4B-00C04F79EFBC}") = "targil 2 25.05.18", "targil 2 25.05.18\targil 2 25.05.18.csproj", "{DA5A63FC-1704-47FE-AC34-5007439CA9D6}"
EndProject
Global
	GlobalSection(SolutionConfigurationPlatforms) = preSolution
		Debug|Any CPU = Debug|Any CPU
		Release|Any CPU = Release|Any CPU
	EndGlobalSection
	GlobalSection(ProjectConfigurationPlatforms) = postSolution
		{DA5A63FC-1704-47FE-AC34-5007439CA9D6}.Debug|Any CPU.ActiveCfg = Debug|Any CPU
		{DA5A63FC-1704-47FE-AC34-5007439CA9D6}.Debug|Any CPU.Build.0 = Debug|Any CPU
		{DA5A63FC-1704-47FE-AC34-5007439CA9D6}.Release|Any CPU.ActiveCfg = Release|Any CPU
		{DA5A63FC-1704-47FE-AC34-5007439CA9D6}.Release|Any CPU.Build.0 = Release|Any CPU
	EndGlobalSection
	GlobalSection(SolutionProperties) = preSolution
		HideSolutionNode = FALSE
	EndGlobalSection
	GlobalSection(ExtensibilityGlobals) = postSolution
		SolutionGuid = {C85AF1C1-B545-46C7-9335-F808AF7042C2}
	EndGlobalSection
EndGlobal
